{
  "nodes": {
    "home-manager": {
      "inputs": {
        "nixpkgs": [
          "nixpkgs"
        ]
      },
      "locked": {
        "lastModified": 1736373539,
        "narHash": "sha256-dinzAqCjenWDxuy+MqUQq0I4zUSfaCvN9rzuCmgMZJY=",
        "owner": "nix-community",
        "repo": "home-manager",
        "rev": "bd65bc3cde04c16755955630b344bc9e35272c56",
        "type": "github"
      },
      "original": {
        "owner": "nix-community",
        "ref": "release-24.11",
        "repo": "home-manager",
        "type": "github"
      }
    },
    "nix-darwin": {
      "inputs": {
        "nixpkgs": [
          "nixpkgs"
        ]
      },
      "locked": {
        "lastModified": 1736820923,
        "narHash": "sha256-SDuKLOWAh8VJRXlNWQn9QE99bjeEUAAbYXqrKGbsiyk=",
        "owner": "lnl7",
        "repo": "nix-darwin",
        "rev": "944c2b181792ae7ae6b20c0df3f44879c11706c9",
        "type": "github"
      },
      "original": {
        "owner": "lnl7",
        "ref": "nix-darwin-24.11",
        "repo": "nix-darwin",
        "type": "github"
      }
    },
    "nixpkgs": {
      "locked": {
        "lastModified": 1736833472,
        "narHash": "sha256-onxOuZB7s0QZ6dra/ojb9yNfPf1jhdMj8LDN3W4FWRU=",
        "owner": "NixOS",
        "repo": "nixpkgs",
        "rev": "e5ca6f7e31b4f3a2e3b1558daa74189984e303c6",
        "type": "github"
      },
      "original": {
        "owner": "NixOS",
        "ref": "nixpkgs-24.11-darwin",
        "repo": "nixpkgs",
        "type": "github"
      }
    },
    "nixpkgs-unstable": {
      "locked": {
        "lastModified": 1736848588,
        "narHash": "sha256-9B6fQqphF3j9lpcxQnKyIUgp3NyGi7ikb9CjCYqixcY=",
        "owner": "NixOS",
        "repo": "nixpkgs",
        "rev": "357cd3dfdb8993af11268d755d53357720675e66",
        "type": "github"
      },
      "original": {
        "owner": "NixOS",
        "ref": "nixpkgs-unstable",
        "repo": "nixpkgs",
        "type": "github"
      }
    },
    "root": {
      "inputs": {
        "home-manager": "home-manager",
        "nix-darwin": "nix-darwin",
        "nixpkgs": "nixpkgs",
        "nixpkgs-unstable": "nixpkgs-unstable"
      }
    }
  },
  "root": "root",
  "version": 7
}
